{
  "requires": true,
  "lockfileVersion": 1,
  "dependencies": {
    "freecube": {
      "version": "0.1.1",
      "resolved": "https://registry.npmjs.org/freecube/-/freecube-0.1.1.tgz",
      "integrity": "sha512-5v+pX8R0vb2+uT1AhE5maLLFDduUp5BpfFppBgISx+1sIM4ORhpu+9Qd0cITUXRuwn0PR3ZRVQGk6JG8R2oXbg=="
    }
  }
}
